github.com/tetratelabs/wazero v1.9.0 h1:IcZ56OuxrtaEz8UYNRHBrUa9bYeX9oVY93KspZZBf/I=
github.com/tetratelabs/wazero v1.9.0/go.mod h1:TSbcXCfFP0L2FGkRPxHphadXPjo1T6W+CseNNY7EkjM=
github.com/voidarchive/go-nepse v0.2.5 h1:hk9JsfUljnNZYs0NOXsn0pX6UwhMenBAB5ids8f4s0s=
github.com/voidarchive/go-nepse v0.2.5/go.mod h1:ur9feDnXDFfw1MHx/2fo4O66TLrEguZqxC4BfPGOYHY=
golang.org/x/sync v0.16.0 h1:ycBJEhp9p4vXvUZNszeOq0kGTPghopOL8q0fq3vstxw=
golang.org/x/sync v0.16.0/go.mod h1:1dzgHSNfp02xaA81J2MS99Qcpr2w7fw1gpm99rleRqA=
